
Microsoft Visual Studio Solution File, Format Version 12.00
# Visual Studio Version 16
VisualStudioVersion = 16.0.28701.123
MinimumVisualStudioVersion = 10.0.40219.1
Project("{9A19103F-16F7-4668-BE54-9A1E7A4F7556}") = "NukedBit.NRepo", "src\NRepo\NukedBit.NRepo.csproj", "{9D43FBA6-D7E8-4017-AB2B-84827F923EE4}"
EndProject
Project("{9A19103F-16F7-4668-BE54-9A1E7A4F7556}") = "NRepo.Tests", "test\NRepo.Tests\NRepo.Tests.csproj", "{F9F71C77-D694-4306-8CAA-D13602645008}"
EndProject
Global
	GlobalSection(SolutionConfigurationPlatforms) = preSolution
		Debug|Any CPU = Debug|Any CPU
		Release|Any CPU = Release|Any CPU
	EndGlobalSection
	GlobalSection(ProjectConfigurationPlatforms) = postSolution
		{9D43FBA6-D7E8-4017-AB2B-84827F923EE4}.Debug|Any CPU.ActiveCfg = Debug|Any CPU
		{9D43FBA6-D7E8-4017-AB2B-84827F923EE4}.Debug|Any CPU.Build.0 = Debug|Any CPU
		{9D43FBA6-D7E8-4017-AB2B-84827F923EE4}.Release|Any CPU.ActiveCfg = Release|Any CPU
		{9D43FBA6-D7E8-4017-AB2B-84827F923EE4}.Release|Any CPU.Build.0 = Release|Any CPU
		{F9F71C77-D694-4306-8CAA-D13602645008}.Debug|Any CPU.ActiveCfg = Debug|Any CPU
		{F9F71C77-D694-4306-8CAA-D13602645008}.Debug|Any CPU.Build.0 = Debug|Any CPU
		{F9F71C77-D694-4306-8CAA-D13602645008}.Release|Any CPU.ActiveCfg = Release|Any CPU
		{F9F71C77-D694-4306-8CAA-D13602645008}.Release|Any CPU.Build.0 = Release|Any CPU
	EndGlobalSection
	GlobalSection(SolutionProperties) = preSolution
		HideSolutionNode = FALSE
	EndGlobalSection
	GlobalSection(ExtensibilityGlobals) = postSolution
		SolutionGuid = {3EBA62DB-9BBB-4342-A2A0-68FC093D3BD4}
	EndGlobalSection
EndGlobal
